
Microsoft Visual Studio Solution File, Format Version 12.00
# Visual Studio 15
VisualStudioVersion = 15.0.27703.2047
MinimumVisualStudioVersion = 10.0.40219.1
Project("{FAE04EC0-301F-11D3-BF4B-00C04F79EFBC}") = "ObjectOrientedProgramming", "ObjectOrientedProgramming\ObjectOrientedProgramming.csproj", "{AC128153-E0F1-474A-B70B-EC47CD27DCFB}"
EndProject
Project("{FAE04EC0-301F-11D3-BF4B-00C04F79EFBC}") = "ObjectOrientedProgramming.Tests", "ObjectOrientedProgramming.Tests\ObjectOrientedProgramming.Tests.csproj", "{A6341B1A-4130-4831-B793-8A0373F1A0D5}"
EndProject
Global
	GlobalSection(SolutionConfigurationPlatforms) = preSolution
		Debug|Any CPU = Debug|Any CPU
		Release|Any CPU = Release|Any CPU
	EndGlobalSection
	GlobalSection(ProjectConfigurationPlatforms) = postSolution
		{AC128153-E0F1-474A-B70B-EC47CD27DCFB}.Debug|Any CPU.ActiveCfg = Debug|Any CPU
		{AC128153-E0F1-474A-B70B-EC47CD27DCFB}.Debug|Any CPU.Build.0 = Debug|Any CPU
		{AC128153-E0F1-474A-B70B-EC47CD27DCFB}.Release|Any CPU.ActiveCfg = Release|Any CPU
		{AC128153-E0F1-474A-B70B-EC47CD27DCFB}.Release|Any CPU.Build.0 = Release|Any CPU
		{A6341B1A-4130-4831-B793-8A0373F1A0D5}.Debug|Any CPU.ActiveCfg = Debug|Any CPU
		{A6341B1A-4130-4831-B793-8A0373F1A0D5}.Debug|Any CPU.Build.0 = Debug|Any CPU
		{A6341B1A-4130-4831-B793-8A0373F1A0D5}.Release|Any CPU.ActiveCfg = Release|Any CPU
		{A6341B1A-4130-4831-B793-8A0373F1A0D5}.Release|Any CPU.Build.0 = Release|Any CPU
	EndGlobalSection
	GlobalSection(SolutionProperties) = preSolution
		HideSolutionNode = FALSE
	EndGlobalSection
	GlobalSection(ExtensibilityGlobals) = postSolution
		SolutionGuid = {0B7759FB-86BC-4E37-B811-C544549128F6}
	EndGlobalSection
EndGlobal
